// !$*UTF8*$!
{
	archiveVersion = 1;
	classes = {
	};
	objectVersion = 50;
	objects = {

/* Begin PBXBuildFile section */
		8DACF77A22C7EA1100817AF7 /* EndPageViewController.swift in Sources */ = {isa = PBXBuildFile; fileRef = 8DACF77822C7EA1100817AF7 /* EndPageViewController.swift */; };
		8DACF77B22C7EA1100817AF7 /* EndPageViewController.xib in Resources */ = {isa = PBXBuildFile; fileRef = 8DACF77922C7EA1100817AF7 /* EndPageViewController.xib */; };
		8DBCA3F922C0D8C500878D6F /* Tokui.framework in Frameworks */ = {isa = PBXBuildFile; fileRef = 8DBCA3EF22C0D8C500878D6F /* Tokui.framework */; };
		8DBCA3FE22C0D8C500878D6F /* TokuiTests.swift in Sources */ = {isa = PBXBuildFile; fileRef = 8DBCA3FD22C0D8C500878D6F /* TokuiTests.swift */; };
		8DBCA40022C0D8C500878D6F /* Tokui.h in Headers */ = {isa = PBXBuildFile; fileRef = 8DBCA3F222C0D8C500878D6F /* Tokui.h */; settings = {ATTRIBUTES = (Public, ); }; };
		8DBCA40A22C0D9FE00878D6F /* TokuiViewController.swift in Sources */ = {isa = PBXBuildFile; fileRef = 8DBCA40922C0D9FE00878D6F /* TokuiViewController.swift */; };
/* End PBXBuildFile section */

/* Begin PBXContainerItemProxy section */
		8DBCA3FA22C0D8C500878D6F /* PBXContainerItemProxy */ = {
			isa = PBXContainerItemProxy;
			containerPortal = 8DBCA3E622C0D8C500878D6F /* Project object */;
			proxyType = 1;
			remoteGlobalIDString = 8DBCA3EE22C0D8C500878D6F;
			remoteInfo = Tokui;
		};
/* End PBXContainerItemProxy section */

/* Begin PBXFileReference section */
		8DACF77822C7EA1100817AF7 /* EndPageViewController.swift */ = {isa = PBXFileReference; lastKnownFileType = sourcecode.swift; path = EndPageViewController.swift; sourceTree = "<group>"; };
		8DACF77922C7EA1100817AF7 /* EndPageViewController.xib */ = {isa = PBXFileReference; lastKnownFileType = file.xib; path = EndPageViewController.xib; sourceTree = "<group>"; };
		8DBCA3EF22C0D8C500878D6F /* Tokui.framework */ = {isa = PBXFileReference; explicitFileType = wrapper.framework; includeInIndex = 0; path = Tokui.framework; sourceTree = BUILT_PRODUCTS_DIR; };
		8DBCA3F222C0D8C500878D6F /* Tokui.h */ = {isa = PBXFileReference; lastKnownFileType = sourcecode.c.h; path = Tokui.h; sourceTree = "<group>"; };
		8DBCA3F322C0D8C500878D6F /* Info.plist */ = {isa = PBXFileReference; lastKnownFileType = text.plist.xml; path = Info.plist; sourceTree = "<group>"; };
		8DBCA3F822C0D8C500878D6F /* TokuiTests.xctest */ = {isa = PBXFileReference; explicitFileType = wrapper.cfbundle; includeInIndex = 0; path = TokuiTests.xctest; sourceTree = BUILT_PRODUCTS_DIR; };
		8DBCA3FD22C0D8C500878D6F /* TokuiTests.swift */ = {isa = PBXFileReference; lastKnownFileType = sourcecode.swift; path = TokuiTests.swift; sourceTree = "<group>"; };
		8DBCA3FF22C0D8C500878D6F /* Info.plist */ = {isa = PBXFileReference; lastKnownFileType = text.plist.xml; path = Info.plist; sourceTree = "<group>"; };
		8DBCA40922C0D9FE00878D6F /* TokuiViewController.swift */ = {isa = PBXFileReference; lastKnownFileType = sourcecode.swift; path = TokuiViewController.swift; sourceTree = "<group>"; };
/* End PBXFileReference section */

/* Begin PBXFrameworksBuildPhase section */
		8DBCA3EC22C0D8C500878D6F /* Frameworks */ = {
			isa = PBXFrameworksBuildPhase;
			buildActionMask = 2147483647;
			files = (
			);
			runOnlyForDeploymentPostprocessing = 0;
		};
		8DBCA3F522C0D8C500878D6F /* Frameworks */ = {
			isa = PBXFrameworksBuildPhase;
			buildActionMask = 2147483647;
			files = (
				8DBCA3F922C0D8C500878D6F /* Tokui.framework in Frameworks */,
			);
			runOnlyForDeploymentPostprocessing = 0;
		};
/* End PBXFrameworksBuildPhase section */

/* Begin PBXGroup section */
		8DBCA3E522C0D8C500878D6F = {
			isa = PBXGroup;
			children = (
				8DBCA3F122C0D8C500878D6F /* Tokui */,
				8DBCA3FC22C0D8C500878D6F /* TokuiTests */,
				8DBCA3F022C0D8C500878D6F /* Products */,
			);
			sourceTree = "<group>";
		};
		8DBCA3F022C0D8C500878D6F /* Products */ = {
			isa = PBXGroup;
			children = (
				8DBCA3EF22C0D8C500878D6F /* Tokui.framework */,
				8DBCA3F822C0D8C500878D6F /* TokuiTests.xctest */,
			);
			name = Products;
			sourceTree = "<group>";
		};
		8DBCA3F122C0D8C500878D6F /* Tokui */ = {
			isa = PBXGroup;
			children = (
				8DBCA3F222C0D8C500878D6F /* Tokui.h */,
				8DBCA3F322C0D8C500878D6F /* Info.plist */,
				8DBCA40922C0D9FE00878D6F /* TokuiViewController.swift */,
				8DACF77822C7EA1100817AF7 /* EndPageViewController.swift */,
				8DACF77922C7EA1100817AF7 /* EndPageViewController.xib */,
			);
			path = Tokui;
			sourceTree = "<group>";
		};
		8DBCA3FC22C0D8C500878D6F /* TokuiTests */ = {
			isa = PBXGroup;
			children = (
				8DBCA3FD22C0D8C500878D6F /* TokuiTests.swift */,
				8DBCA3FF22C0D8C500878D6F /* Info.plist */,
			);
			path = TokuiTests;
			sourceTree = "<group>";
		};
/* End PBXGroup section */

/* Begin PBXHeadersBuildPhase section */
		8DBCA3EA22C0D8C500878D6F /* Headers */ = {
			isa = PBXHeadersBuildPhase;
			buildActionMask = 2147483647;
			files = (
				8DBCA40022C0D8C500878D6F /* Tokui.h in Headers */,
			);
			runOnlyForDeploymentPostprocessing = 0;
		};
/* End PBXHeadersBuildPhase section */

/* Begin PBXNativeTarget section */
		8DBCA3EE22C0D8C500878D6F /* Tokui */ = {
			isa = PBXNativeTarget;
			buildConfigurationList = 8DBCA40322C0D8C500878D6F /* Build configuration list for PBXNativeTarget "Tokui" */;
			buildPhases = (
				8DBCA3EA22C0D8C500878D6F /* Headers */,
				8DBCA3EB22C0D8C500878D6F /* Sources */,
				8DBCA3EC22C0D8C500878D6F /* Frameworks */,
				8DBCA3ED22C0D8C500878D6F /* Resources */,
			);
			buildRules = (
			);
			dependencies = (
			);
			name = Tokui;
			productName = Tokui;
			productReference = 8DBCA3EF22C0D8C500878D6F /* Tokui.framework */;
			productType = "com.apple.product-type.framework";
		};
		8DBCA3F722C0D8C500878D6F /* TokuiTests */ = {
			isa = PBXNativeTarget;
			buildConfigurationList = 8DBCA40622C0D8C500878D6F /* Build configuration list for PBXNativeTarget "TokuiTests" */;
			buildPhases = (
				8DBCA3F422C0D8C500878D6F /* Sources */,
				8DBCA3F522C0D8C500878D6F /* Frameworks */,
				8DBCA3F622C0D8C500878D6F /* Resources */,
			);
			buildRules = (
			);
			dependencies = (
				8DBCA3FB22C0D8C500878D6F /* PBXTargetDependency */,
			);
			name = TokuiTests;
			productName = TokuiTests;
			productReference = 8DBCA3F822C0D8C500878D6F /* TokuiTests.xctest */;
			productType = "com.apple.product-type.bundle.unit-test";
		};
/* End PBXNativeTarget section */

/* Begin PBXProject section */
		8DBCA3E622C0D8C500878D6F /* Project object */ = {
			isa = PBXProject;
			attributes = {
				LastSwiftUpdateCheck = 1020;
				LastUpgradeCheck = 1020;
				ORGANIZATIONNAME = "Yuiga Wada";
				TargetAttributes = {
					8DBCA3EE22C0D8C500878D6F = {
						CreatedOnToolsVersion = 10.2.1;
						LastSwiftMigration = 1020;
					};
					8DBCA3F722C0D8C500878D6F = {
						CreatedOnToolsVersion = 10.2.1;
					};
				};
			};
			buildConfigurationList = 8DBCA3E922C0D8C500878D6F /* Build configuration list for PBXProject "Tokui" */;
			compatibilityVersion = "Xcode 9.3";
			developmentRegion = en;
			hasScannedForEncodings = 0;
			knownRegions = (
				en,
			);
			mainGroup = 8DBCA3E522C0D8C500878D6F;
			productRefGroup = 8DBCA3F022C0D8C500878D6F /* Products */;
			projectDirPath = "";
			projectRoot = "";
			targets = (
				8DBCA3EE22C0D8C500878D6F /* Tokui */,
				8DBCA3F722C0D8C500878D6F /* TokuiTests */,
			);
		};
/* End PBXProject section */

/* Begin PBXResourcesBuildPhase section */
		8DBCA3ED22C0D8C500878D6F /* Resources */ = {
			isa = PBXResourcesBuildPhase;
			buildActionMask = 2147483647;
			files = (
				8DACF77B22C7EA1100817AF7 /* EndPageViewController.xib in Resources */,
			);
			runOnlyForDeploymentPostprocessing = 0;
		};
		8DBCA3F622C0D8C500878D6F /* Resources */ = {
			isa = PBXResourcesBuildPhase;
			buildActionMask = 2147483647;
			files = (
			);
			runOnlyForDeploymentPostprocessing = 0;
		};
/* End PBXResourcesBuildPhase section */

/* Begin PBXSourcesBuildPhase section */
		8DBCA3EB22C0D8C500878D6F /* Sources */ = {
			isa = PBXSourcesBuildPhase;
			buildActionMask = 2147483647;
			files = (
				8DBCA40A22C0D9FE00878D6F /* TokuiViewController.swift in Sources */,
				8DACF77A22C7EA1100817AF7 /* EndPageViewController.swift in Sources */,
			);
			runOnlyForDeploymentPostprocessing = 0;
		};
		8DBCA3F422C0D8C500878D6F /* Sources */ = {
			isa = PBXSourcesBuildPhase;
			buildActionMask = 2147483647;
			files = (
				8DBCA3FE22C0D8C500878D6F /* TokuiTests.swift in Sources */,
			);
			runOnlyForDeploymentPostprocessing = 0;
		};
/* End PBXSourcesBuildPhase section */

/* Begin PBXTargetDependency section */
		8DBCA3FB22C0D8C500878D6F /* PBXTargetDependency */ = {
			isa = PBXTargetDependency;
			target = 8DBCA3EE22C0D8C500878D6F /* Tokui */;
			targetProxy = 8DBCA3FA22C0D8C500878D6F /* PBXContainerItemProxy */;
		};
/* End PBXTargetDependency section */

/* Begin XCBuildConfiguration section */
		8DBCA40122C0D8C500878D6F /* Debug */ = {
			isa = XCBuildConfiguration;
			buildSettings = {
				ALWAYS_SEARCH_USER_PATHS = NO;
				CLANG_ANALYZER_NONNULL = YES;
				CLANG_ANALYZER_NUMBER_OBJECT_CONVERSION = YES_AGGRESSIVE;
				CLANG_CXX_LANGUAGE_STANDARD = "gnu++14";
				CLANG_CXX_LIBRARY = "libc++";
				CLANG_ENABLE_MODULES = YES;
				CLANG_ENABLE_OBJC_ARC = YES;
				CLANG_ENABLE_OBJC_WEAK = YES;
				CLANG_WARN_BLOCK_CAPTURE_AUTORELEASING = YES;
				CLANG_WARN_BOOL_CONVERSION = YES;
				CLANG_WARN_COMMA = YES;
				CLANG_WARN_CONSTANT_CONVERSION = YES;
				CLANG_WARN_DEPRECATED_OBJC_IMPLEMENTATIONS = YES;
				CLANG_WARN_DIRECT_OBJC_ISA_USAGE = YES_ERROR;
				CLANG_WARN_DOCUMENTATION_COMMENTS = YES;
				CLANG_WARN_EMPTY_BODY = YES;
				CLANG_WARN_ENUM_CONVERSION = YES;
				CLANG_WARN_INFINITE_RECURSION = YES;
				CLANG_WARN_INT_CONVERSION = YES;
				CLANG_WARN_NON_LITERAL_NULL_CONVERSION = YES;
				CLANG_WARN_OBJC_IMPLICIT_RETAIN_SELF = YES;
				CLANG_WARN_OBJC_LITERAL_CONVERSION = YES;
				CLANG_WARN_OBJC_ROOT_CLASS = YES_ERROR;
				CLANG_WARN_RANGE_LOOP_ANALYSIS = YES;
				CLANG_WARN_STRICT_PROTOTYPES = YES;
				CLANG_WARN_SUSPICIOUS_MOVE = YES;
				CLANG_WARN_UNGUARDED_AVAILABILITY = YES_AGGRESSIVE;
				CLANG_WARN_UNREACHABLE_CODE = YES;
				CLANG_WARN__DUPLICATE_METHOD_MATCH = YES;
				CODE_SIGN_IDENTITY = "iPhone Developer";
				COPY_PHASE_STRIP = NO;
				CURRENT_PROJECT_VERSION = 1;
				DEBUG_INFORMATION_FORMAT = dwarf;
				ENABLE_STRICT_OBJC_MSGSEND = YES;
				ENABLE_TESTABILITY = YES;
				GCC_C_LANGUAGE_STANDARD = gnu11;
				GCC_DYNAMIC_NO_PIC = NO;
				GCC_NO_COMMON_BLOCKS = YES;
				GCC_OPTIMIZATION_LEVEL = 0;
				GCC_PREPROCESSOR_DEFINITIONS = (
					"DEBUG=1",
					"$(inherited)",
				);
				GCC_WARN_64_TO_32_BIT_CONVERSION = YES;
				GCC_WARN_ABOUT_RETURN_TYPE = YES_ERROR;
				GCC_WARN_UNDECLARED_SELECTOR = YES;
				GCC_WARN_UNINITIALIZED_AUTOS = YES_AGGRESSIVE;
				GCC_WARN_UNUSED_FUNCTION = YES;
				GCC_WARN_UNUSED_VARIABLE = YES;
				IPHONEOS_DEPLOYMENT_TARGET = 12.2;
				MTL_ENABLE_DEBUG_INFO = INCLUDE_SOURCE;
				MTL_FAST_MATH = YES;
				ONLY_ACTIVE_ARCH = YES;
				SDKROOT = iphoneos;
				SWIFT_ACTIVE_COMPILATION_CONDITIONS = DEBUG;
				SWIFT_OPTIMIZATION_LEVEL = "-Onone";
				SWIFT_VERSION = 5.0;
				VERSIONING_SYSTEM = "apple-generic";
				VERSION_INFO_PREFIX = "";
			};
			name = Debug;
		};
		8DBCA40222C0D8C500878D6F /* Release */ = {
			isa = XCBuildConfiguration;
			buildSettings = {
				ALWAYS_SEARCH_USER_PATHS = NO;
				CLANG_ANALYZER_NONNULL = YES;
				CLANG_ANALYZER_NUMBER_OBJECT_CONVERSION = YES_AGGRESSIVE;
				CLANG_CXX_LANGUAGE_STANDARD = "gnu++14";
				CLANG_CXX_LIBRARY = "libc++";
				CLANG_ENABLE_MODULES = YES;
				CLANG_ENABLE_OBJC_ARC = YES;
				CLANG_ENABLE_OBJC_WEAK = YES;
				CLANG_WARN_BLOCK_CAPTURE_AUTORELEASING = YES;
				CLANG_WARN_BOOL_CONVERSION = YES;
				CLANG_WARN_COMMA = YES;
				CLANG_WARN_CONSTANT_CONVERSION = YES;
				CLANG_WARN_DEPRECATED_OBJC_IMPLEMENTATIONS = YES;
				CLANG_WARN_DIRECT_OBJC_ISA_USAGE = YES_ERROR;
				CLANG_WARN_DOCUMENTATION_COMMENTS = YES;
				CLANG_WARN_EMPTY_BODY = YES;
				CLANG_WARN_ENUM_CONVERSION = YES;
				CLANG_WARN_INFINITE_RECURSION = YES;
				CLANG_WARN_INT_CONVERSION = YES;
				CLANG_WARN_NON_LITERAL_NULL_CONVERSION = YES;
				CLANG_WARN_OBJC_IMPLICIT_RETAIN_SELF = YES;
				CLANG_WARN_OBJC_LITERAL_CONVERSION = YES;
				CLANG_WARN_OBJC_ROOT_CLASS = YES_ERROR;
				CLANG_WARN_RANGE_LOOP_ANALYSIS = YES;
				CLANG_WARN_STRICT_PROTOTYPES = YES;
				CLANG_WARN_SUSPICIOUS_MOVE = YES;
				CLANG_WARN_UNGUARDED_AVAILABILITY = YES_AGGRESSIVE;
				CLANG_WARN_UNREACHABLE_CODE = YES;
				CLANG_WARN__DUPLICATE_METHOD_MATCH = YES;
				CODE_SIGN_IDENTITY = "iPhone Developer";
				COPY_PHASE_STRIP = NO;
				CURRENT_PROJECT_VERSION = 1;
				DEBUG_INFORMATION_FORMAT = "dwarf-with-dsym";
				ENABLE_NS_ASSERTIONS = NO;
				ENABLE_STRICT_OBJC_MSGSEND = YES;
				GCC_C_LANGUAGE_STANDARD = gnu11;
				GCC_NO_COMMON_BLOCKS = YES;
				GCC_WARN_64_TO_32_BIT_CONVERSION = YES;
				GCC_WARN_ABOUT_RETURN_TYPE = YES_ERROR;
				GCC_WARN_UNDECLARED_SELECTOR = YES;
				GCC_WARN_UNINITIALIZED_AUTOS = YES_AGGRESSIVE;
				GCC_WARN_UNUSED_FUNCTION = YES;
				GCC_WARN_UNUSED_VARIABLE = YES;
				IPHONEOS_DEPLOYMENT_TARGET = 12.2;
				MTL_ENABLE_DEBUG_INFO = NO;
				MTL_FAST_MATH = YES;
				SDKROOT = iphoneos;
				SWIFT_COMPILATION_MODE = wholemodule;
				SWIFT_OPTIMIZATION_LEVEL = "-O";
				SWIFT_VERSION = 5.0;
				VALIDATE_PRODUCT = YES;
				VERSIONING_SYSTEM = "apple-generic";
				VERSION_INFO_PREFIX = "";
			};
			name = Release;
		};
		8DBCA40422C0D8C500878D6F /* Debug */ = {
			isa = XCBuildConfiguration;
			buildSettings = {
				CLANG_ENABLE_MODULES = YES;
				CODE_SIGN_IDENTITY = "";
				CODE_SIGN_STYLE = Automatic;
				DEFINES_MODULE = YES;
				DEVELOPMENT_TEAM = "";
				DYLIB_COMPATIBILITY_VERSION = 1;
				DYLIB_CURRENT_VERSION = 1;
				DYLIB_INSTALL_NAME_BASE = "@rpath";
				INFOPLIST_FILE = Tokui/Info.plist;
				INSTALL_PATH = "$(LOCAL_LIBRARY_DIR)/Frameworks";
				LD_RUNPATH_SEARCH_PATHS = (
					"$(inherited)",
					"@executable_path/Frameworks",
					"@loader_path/Frameworks",
				);
				PRODUCT_BUNDLE_IDENTIFIER = yuwd.Tokui;
				PRODUCT_NAME = "$(TARGET_NAME:c99extidentifier)";
				SKIP_INSTALL = YES;
				SWIFT_OPTIMIZATION_LEVEL = "-Onone";
				SWIFT_VERSION = 5.0;
				TARGETED_DEVICE_FAMILY = "1,2";
			};
			name = Debug;
		};
		8DBCA40522C0D8C500878D6F /* Release */ = {
			isa = XCBuildConfiguration;
			buildSettings = {
				CLANG_ENABLE_MODULES = YES;
				CODE_SIGN_IDENTITY = "";
				CODE_SIGN_STYLE = Automatic;
				DEFINES_MODULE = YES;
				DEVELOPMENT_TEAM = "";
				DYLIB_COMPATIBILITY_VERSION = 1;
				DYLIB_CURRENT_VERSION = 1;
				DYLIB_INSTALL_NAME_BASE = "@rpath";
				INFOPLIST_FILE = Tokui/Info.plist;
				INSTALL_PATH = "$(LOCAL_LIBRARY_DIR)/Frameworks";
				LD_RUNPATH_SEARCH_PATHS = (
					"$(inherited)",
					"@executable_path/Frameworks",
					"@loader_path/Frameworks",
				);
				PRODUCT_BUNDLE_IDENTIFIER = yuwd.Tokui;
				PRODUCT_NAME = "$(TARGET_NAME:c99extidentifier)";
				SKIP_INSTALL = YES;
				SWIFT_VERSION = 5.0;
				TARGETED_DEVICE_FAMILY = "1,2";
			};
			name = Release;
		};
		8DBCA40722C0D8C500878D6F /* Debug */ = {
			isa = XCBuildConfiguration;
			buildSettings = {
				ALWAYS_EMBED_SWIFT_STANDARD_LIBRARIES = YES;
				CODE_SIGN_STYLE = Automatic;
				INFOPLIST_FILE = TokuiTests/Info.plist;
				LD_RUNPATH_SEARCH_PATHS = (
					"$(inherited)",
					"@executable_path/Frameworks",
					"@loader_path/Frameworks",
				);
				PRODUCT_BUNDLE_IDENTIFIER = yuwd.TokuiTests;
				PRODUCT_NAME = "$(TARGET_NAME)";
				SWIFT_VERSION = 5.0;
				TARGETED_DEVICE_FAMILY = "1,2";
			};
			name = Debug;
		};
		8DBCA40822C0D8C500878D6F /* Release */ = {
			isa = XCBuildConfiguration;
			buildSettings = {
				ALWAYS_EMBED_SWIFT_STANDARD_LIBRARIES = YES;
				CODE_SIGN_STYLE = Automatic;
				INFOPLIST_FILE = TokuiTests/Info.plist;
				LD_RUNPATH_SEARCH_PATHS = (
					"$(inherited)",
					"@executable_path/Frameworks",
					"@loader_path/Frameworks",
				);
				PRODUCT_BUNDLE_IDENTIFIER = yuwd.TokuiTests;
				PRODUCT_NAME = "$(TARGET_NAME)";
				SWIFT_VERSION = 5.0;
				TARGETED_DEVICE_FAMILY = "1,2";
			};
			name = Release;
		};
/* End XCBuildConfiguration section */

/* Begin XCConfigurationList section */
		8DBCA3E922C0D8C500878D6F /* Build configuration list for PBXProject "Tokui" */ = {
			isa = XCConfigurationList;
			buildConfigurations = (
				8DBCA40122C0D8C500878D6F /* Debug */,
				8DBCA40222C0D8C500878D6F /* Release */,
			);
			defaultConfigurationIsVisible = 0;
			defaultConfigurationName = Release;
		};
		8DBCA40322C0D8C500878D6F /* Build configuration list for PBXNativeTarget "Tokui" */ = {
			isa = XCConfigurationList;
			buildConfigurations = (
				8DBCA40422C0D8C500878D6F /* Debug */,
				8DBCA40522C0D8C500878D6F /* Release */,
			);
			defaultConfigurationIsVisible = 0;
			defaultConfigurationName = Release;
		};
		8DBCA40622C0D8C500878D6F /* Build configuration list for PBXNativeTarget "TokuiTests" */ = {
			isa = XCConfigurationList;
			buildConfigurations = (
				8DBCA40722C0D8C500878D6F /* Debug */,
				8DBCA40822C0D8C500878D6F /* Release */,
			);
			defaultConfigurationIsVisible = 0;
			defaultConfigurationName = Release;
		};
/* End XCConfigurationList section */
	};
	rootObject = 8DBCA3E622C0D8C500878D6F /* Project object */;
}
